{
  "version": 4,
  "terraform_version": "1.3.3",
  "serial": 270,
  "lineage": "b99d7807-2388-c34e-0125-beffa6165824",
  "outputs": {},
  "resources": [
    {
      "module": "module.ECS-Cluster",
      "mode": "data",
      "type": "aws_iam_policy_document",
      "name": "ecs_role",
      "provider": "module.ECS-Cluster.provider[\"registry.terraform.io/hashicorp/aws\"]",
      "instances": [
        {
          "schema_version": 0,
          "attributes": {
            "id": "1903849331",
            "json": "{\n  \"Version\": \"2012-10-17\",\n  \"Statement\": [\n    {\n      \"Sid\": \"\",\n      \"Effect\": \"Allow\",\n      \"Action\": \"sts:AssumeRole\",\n      \"Principal\": {\n        \"Service\": \"ec2.amazonaws.com\"\n      }\n    }\n  ]\n}",
            "override_json": null,
            "override_policy_documents": null,
            "policy_id": null,
            "source_json": null,
            "source_policy_documents": null,
            "statement": [
              {
                "actions": [
                  "sts:AssumeRole"
                ],
                "condition": [],
                "effect": "Allow",
                "not_actions": [],
                "not_principals": [],
                "not_resources": [],
                "principals": [
                  {
                    "identifiers": [
                      "ec2.amazonaws.com"
                    ],
                    "type": "Service"
                  }
                ],
                "resources": [],
                "sid": ""
              }
            ],
            "version": "2012-10-17"
          },
          "sensitive_attributes": []
        }
      ]
    },
    {
      "module": "module.ECS-Cluster",
      "mode": "managed",
      "type": "aws_autoscaling_group",
      "name": "ecs-autoScalling",
      "provider": "module.ECS-Cluster.provider[\"registry.terraform.io/hashicorp/aws\"]",
      "instances": [
        {
          "schema_version": 0,
          "attributes": {
            "arn": "arn:aws:autoscaling:us-east-1:872263966368:autoScalingGroup:891dba52-95e2-4060-aa03-99578ccbff1b:autoScalingGroupName/ecs-autoScalling",
            "availability_zones": [
              "us-east-1c"
            ],
            "capacity_rebalance": false,
            "context": "",
            "default_cooldown": 300,
            "default_instance_warmup": 0,
            "desired_capacity": 1,
            "enabled_metrics": null,
            "force_delete": false,
            "force_delete_warm_pool": false,
            "health_check_grace_period": 300,
            "health_check_type": "EC2",
            "id": "ecs-autoScalling",
            "initial_lifecycle_hook": [],
            "instance_refresh": [],
            "launch_configuration": "ec2-for-ecs",
            "launch_template": [],
            "load_balancers": null,
            "max_instance_lifetime": 0,
            "max_size": 10,
            "metrics_granularity": "1Minute",
            "min_elb_capacity": null,
            "min_size": 1,
            "mixed_instances_policy": [],
            "name": "ecs-autoScalling",
            "name_prefix": "",
            "placement_group": "",
            "protect_from_scale_in": false,
            "service_linked_role_arn": "arn:aws:iam::872263966368:role/aws-service-role/autoscaling.amazonaws.com/AWSServiceRoleForAutoScaling",
            "suspended_processes": null,
            "tag": [],
            "tags": null,
            "target_group_arns": null,
            "termination_policies": null,
            "timeouts": null,
            "vpc_zone_identifier": [
              "subnet-0f1d0f8c5044cf42a"
            ],
            "wait_for_capacity_timeout": "10m",
            "wait_for_elb_capacity": null,
            "warm_pool": []
          },
          "sensitive_attributes": [],
          "private": "eyJlMmJmYjczMC1lY2FhLTExZTYtOGY4OC0zNDM2M2JjN2M0YzAiOnsiZGVsZXRlIjo2MDAwMDAwMDAwMDAsInVwZGF0ZSI6NjAwMDAwMDAwMDAwfX0=",
          "dependencies": [
            "module.ECS-Cluster.aws_iam_instance_profile.ec2_instanceProfile",
            "module.ECS-Cluster.aws_iam_role.my_role",
            "module.ECS-Cluster.aws_launch_configuration.myec2",
            "module.ECS-Cluster.aws_security_group.security_group",
            "module.ECS-Cluster.aws_subnet.subnet",
            "module.ECS-Cluster.aws_vpc.vpc",
            "module.ECS-Cluster.data.aws_iam_policy_document.ecs_role"
          ]
        }
      ]
    },
    {
      "module": "module.ECS-Cluster",
      "mode": "managed",
      "type": "aws_ecr_repository",
      "name": "ECR",
      "provider": "module.ECS-Cluster.provider[\"registry.terraform.io/hashicorp/aws\"]",
      "instances": [
        {
          "schema_version": 0,
          "attributes": {
            "arn": "arn:aws:ecr:us-east-1:872263966368:repository/ecs-repo",
            "encryption_configuration": [
              {
                "encryption_type": "AES256",
                "kms_key": ""
              }
            ],
            "force_delete": null,
            "id": "ecs-repo",
            "image_scanning_configuration": [
              {
                "scan_on_push": false
              }
            ],
            "image_tag_mutability": "MUTABLE",
            "name": "ecs-repo",
            "registry_id": "872263966368",
            "repository_url": "872263966368.dkr.ecr.us-east-1.amazonaws.com/ecs-repo",
            "tags": null,
            "tags_all": {},
            "timeouts": null
          },
          "sensitive_attributes": [],
          "private": "eyJlMmJmYjczMC1lY2FhLTExZTYtOGY4OC0zNDM2M2JjN2M0YzAiOnsiZGVsZXRlIjoxMjAwMDAwMDAwMDAwfX0="
        }
      ]
    },
    {
      "module": "module.ECS-Cluster",
      "mode": "managed",
      "type": "aws_ecs_cluster",
      "name": "ECS",
      "provider": "module.ECS-Cluster.provider[\"registry.terraform.io/hashicorp/aws\"]",
      "instances": [
        {
          "schema_version": 0,
          "attributes": {
            "arn": "arn:aws:ecs:us-east-1:872263966368:cluster/ECS",
            "capacity_providers": [],
            "configuration": [],
            "default_capacity_provider_strategy": [],
            "id": "arn:aws:ecs:us-east-1:872263966368:cluster/ECS",
            "name": "ECS",
            "setting": [
              {
                "name": "containerInsights",
                "value": "disabled"
              }
            ],
            "tags": null,
            "tags_all": {}
          },
          "sensitive_attributes": [],
          "private": "bnVsbA=="
        }
      ]
    },
    {
      "module": "module.ECS-Cluster",
      "mode": "managed",
      "type": "aws_ecs_service",
      "name": "ECS-taskService",
      "provider": "module.ECS-Cluster.provider[\"registry.terraform.io/hashicorp/aws\"]",
      "instances": [
        {
          "schema_version": 0,
          "attributes": {
            "capacity_provider_strategy": [],
            "cluster": "arn:aws:ecs:us-east-1:872263966368:cluster/ECS",
            "deployment_circuit_breaker": [
              {
                "enable": false,
                "rollback": false
              }
            ],
            "deployment_controller": [
              {
                "type": "ECS"
              }
            ],
            "deployment_maximum_percent": 200,
            "deployment_minimum_healthy_percent": 100,
            "desired_count": 2,
            "enable_ecs_managed_tags": false,
            "enable_execute_command": false,
            "force_new_deployment": null,
            "health_check_grace_period_seconds": 0,
            "iam_role": null,
            "id": "arn:aws:ecs:us-east-1:872263966368:service/ECS/ECS-taskService",
            "launch_type": "EC2",
            "load_balancer": [],
            "name": "ECS-taskService",
            "network_configuration": [],
            "ordered_placement_strategy": [],
            "placement_constraints": [],
            "platform_version": "",
            "propagate_tags": "NONE",
            "scheduling_strategy": "REPLICA",
            "service_registries": [],
            "tags": null,
            "tags_all": {},
            "task_definition": "arn:aws:ecs:us-east-1:872263966368:task-definition/ECS-task:7",
            "timeouts": null,
            "wait_for_steady_state": false
          },
          "sensitive_attributes": [],
          "private": "eyJlMmJmYjczMC1lY2FhLTExZTYtOGY4OC0zNDM2M2JjN2M0YzAiOnsiY3JlYXRlIjoxMjAwMDAwMDAwMDAwLCJkZWxldGUiOjEyMDAwMDAwMDAwMDAsInVwZGF0ZSI6MTIwMDAwMDAwMDAwMH19",
          "dependencies": [
            "module.ECS-Cluster.aws_ecs_cluster.ECS",
            "module.ECS-Cluster.aws_ecs_task_definition.task_definition"
          ]
        }
      ]
    },
    {
      "module": "module.ECS-Cluster",
      "mode": "managed",
      "type": "aws_ecs_task_definition",
      "name": "task_definition",
      "provider": "module.ECS-Cluster.provider[\"registry.terraform.io/hashicorp/aws\"]",
      "instances": [
        {
          "schema_version": 1,
          "attributes": {
            "arn": "arn:aws:ecs:us-east-1:872263966368:task-definition/ECS-task:7",
            "container_definitions": "[{\"cpu\":2,\"environment\":[],\"essential\":true,\"image\":\"ami-089a545a9ed9893b6:latest\",\"memory\":512,\"mountPoints\":[],\"name\":\"ECS-task\",\"portMappings\":[{\"containerPort\":80,\"hostPort\":0,\"protocol\":\"tcp\"}],\"volumesFrom\":[]}]",
            "cpu": "",
            "ephemeral_storage": [],
            "execution_role_arn": "",
            "family": "ECS-task",
            "id": "ECS-task",
            "inference_accelerator": [],
            "ipc_mode": "",
            "memory": "",
            "network_mode": "",
            "pid_mode": "",
            "placement_constraints": [],
            "proxy_configuration": [],
            "requires_compatibilities": null,
            "revision": 7,
            "runtime_platform": [],
            "skip_destroy": false,
            "tags": null,
            "tags_all": {},
            "task_role_arn": "",
            "volume": []
          },
          "sensitive_attributes": [],
          "private": "eyJzY2hlbWFfdmVyc2lvbiI6IjEifQ=="
        }
      ]
    },
    {
      "module": "module.ECS-Cluster",
      "mode": "managed",
      "type": "aws_iam_group",
      "name": "group_name",
      "provider": "module.ECS-Cluster.provider[\"registry.terraform.io/hashicorp/aws\"]",
      "instances": [
        {
          "schema_version": 0,
          "attributes": {
            "arn": "arn:aws:iam::872263966368:group/cluster-group",
            "id": "cluster-group",
            "name": "cluster-group",
            "path": "/",
            "unique_id": "AGPA4WFX332QDYAH4DBJM"
          },
          "sensitive_attributes": [],
          "private": "bnVsbA=="
        }
      ]
    },
    {
      "module": "module.ECS-Cluster",
      "mode": "managed",
      "type": "aws_iam_group_membership",
      "name": "iam_group_members",
      "provider": "module.ECS-Cluster.provider[\"registry.terraform.io/hashicorp/aws\"]",
      "instances": [
        {
          "schema_version": 0,
          "attributes": {
            "group": "cluster-group",
            "id": "iam_group_members",
            "name": "iam_group_members",
            "users": [
              "ahsaan"
            ]
          },
          "sensitive_attributes": [],
          "private": "bnVsbA==",
          "dependencies": [
            "module.ECS-Cluster.aws_iam_group.group_name",
            "module.ECS-Cluster.aws_iam_user.IAM_User"
          ]
        }
      ]
    },
    {
      "module": "module.ECS-Cluster",
      "mode": "managed",
      "type": "aws_iam_instance_profile",
      "name": "ec2_instanceProfile",
      "provider": "module.ECS-Cluster.provider[\"registry.terraform.io/hashicorp/aws\"]",
      "instances": [
        {
          "schema_version": 0,
          "attributes": {
            "arn": "arn:aws:iam::872263966368:instance-profile/ec2_instanceProfile",
            "create_date": "2022-11-07T16:56:56Z",
            "id": "ec2_instanceProfile",
            "name": "ec2_instanceProfile",
            "name_prefix": null,
            "path": "/",
            "role": "my_role",
            "tags": null,
            "tags_all": {},
            "unique_id": "AIPA4WFX332QIJAT5VVJ3"
          },
          "sensitive_attributes": [],
          "private": "bnVsbA==",
          "dependencies": [
            "module.ECS-Cluster.aws_iam_role.my_role",
            "module.ECS-Cluster.data.aws_iam_policy_document.ecs_role"
          ]
        }
      ]
    },
    {
      "module": "module.ECS-Cluster",
      "mode": "managed",
      "type": "aws_iam_role",
      "name": "my_role",
      "provider": "module.ECS-Cluster.provider[\"registry.terraform.io/hashicorp/aws\"]",
      "instances": [
        {
          "schema_version": 0,
          "attributes": {
            "arn": "arn:aws:iam::872263966368:role/my_role",
            "assume_role_policy": "{\"Statement\":[{\"Action\":\"sts:AssumeRole\",\"Effect\":\"Allow\",\"Principal\":{\"Service\":\"ec2.amazonaws.com\"},\"Sid\":\"\"}],\"Version\":\"2012-10-17\"}",
            "create_date": "2022-11-07T16:56:54Z",
            "description": "",
            "force_detach_policies": false,
            "id": "my_role",
            "inline_policy": [],
            "managed_policy_arns": [],
            "max_session_duration": 3600,
            "name": "my_role",
            "name_prefix": "",
            "path": "/",
            "permissions_boundary": null,
            "tags": null,
            "tags_all": {},
            "unique_id": "AROA4WFX332QLINYBFYOG"
          },
          "sensitive_attributes": [],
          "private": "bnVsbA==",
          "dependencies": [
            "module.ECS-Cluster.data.aws_iam_policy_document.ecs_role"
          ]
        }
      ]
    },
    {
      "module": "module.ECS-Cluster",
      "mode": "managed",
      "type": "aws_iam_role_policy_attachment",
      "name": "ecs_role-policy",
      "provider": "module.ECS-Cluster.provider[\"registry.terraform.io/hashicorp/aws\"]",
      "instances": [
        {
          "schema_version": 0,
          "attributes": {
            "id": "my_role-20221107165653287500000001",
            "policy_arn": "arn:aws:iam::aws:policy/service-role/AmazonEC2ContainerServiceforEC2Role",
            "role": "my_role"
          },
          "sensitive_attributes": [],
          "private": "bnVsbA==",
          "dependencies": [
            "module.ECS-Cluster.aws_iam_role.my_role",
            "module.ECS-Cluster.data.aws_iam_policy_document.ecs_role"
          ]
        }
      ]
    },
    {
      "module": "module.ECS-Cluster",
      "mode": "managed",
      "type": "aws_iam_user",
      "name": "IAM_User",
      "provider": "module.ECS-Cluster.provider[\"registry.terraform.io/hashicorp/aws\"]",
      "instances": [
        {
          "schema_version": 0,
          "attributes": {
            "arn": "arn:aws:iam::872263966368:user/ahsaan",
            "force_destroy": false,
            "id": "ahsaan",
            "name": "ahsaan",
            "path": "/",
            "permissions_boundary": null,
            "tags": null,
            "tags_all": {},
            "unique_id": "AIDA4WFX332QLAQMJKX3L"
          },
          "sensitive_attributes": [],
          "private": "bnVsbA=="
        }
      ]
    },
    {
      "module": "module.ECS-Cluster",
      "mode": "managed",
      "type": "aws_internet_gateway",
      "name": "internet_gateway",
      "provider": "module.ECS-Cluster.provider[\"registry.terraform.io/hashicorp/aws\"]",
      "instances": [
        {
          "schema_version": 0,
          "attributes": {
            "arn": "arn:aws:ec2:us-east-1:872263966368:internet-gateway/igw-0268c71658f0144f8",
            "id": "igw-0268c71658f0144f8",
            "owner_id": "872263966368",
            "tags": null,
            "tags_all": {},
            "timeouts": null,
            "vpc_id": "vpc-08f06a6f6bd7de278"
          },
          "sensitive_attributes": [],
          "private": "eyJlMmJmYjczMC1lY2FhLTExZTYtOGY4OC0zNDM2M2JjN2M0YzAiOnsiY3JlYXRlIjoxMjAwMDAwMDAwMDAwLCJkZWxldGUiOjEyMDAwMDAwMDAwMDAsInVwZGF0ZSI6MTIwMDAwMDAwMDAwMH19",
          "dependencies": [
            "module.ECS-Cluster.aws_vpc.vpc"
          ]
        }
      ]
    },
    {
      "module": "module.ECS-Cluster",
      "mode": "managed",
      "type": "aws_launch_configuration",
      "name": "myec2",
      "provider": "module.ECS-Cluster.provider[\"registry.terraform.io/hashicorp/aws\"]",
      "instances": [
        {
          "schema_version": 0,
          "attributes": {
            "arn": "arn:aws:autoscaling:us-east-1:872263966368:launchConfiguration:3ef1b4ee-d911-4817-ae88-d325e8206372:launchConfigurationName/ec2-for-ecs",
            "associate_public_ip_address": false,
            "ebs_block_device": [],
            "ebs_optimized": false,
            "enable_monitoring": true,
            "ephemeral_block_device": [],
            "iam_instance_profile": "ec2_instanceProfile",
            "id": "ec2-for-ecs",
            "image_id": "ami-09d3b3274b6c5d4aa",
            "instance_type": "t2.micro",
            "key_name": "",
            "metadata_options": [],
            "name": "ec2-for-ecs",
            "name_prefix": "",
            "placement_tenancy": "",
            "root_block_device": [],
            "security_groups": [
              "sg-0cca4298f8b9c1e23"
            ],
            "spot_price": "",
            "user_data": "a442c55d38692a91b376a1a88bdfd398ede16825",
            "user_data_base64": null,
            "vpc_classic_link_id": "",
            "vpc_classic_link_security_groups": null
          },
          "sensitive_attributes": [],
          "private": "bnVsbA==",
          "dependencies": [
            "module.ECS-Cluster.aws_iam_instance_profile.ec2_instanceProfile",
            "module.ECS-Cluster.aws_iam_role.my_role",
            "module.ECS-Cluster.aws_security_group.security_group",
            "module.ECS-Cluster.aws_vpc.vpc",
            "module.ECS-Cluster.data.aws_iam_policy_document.ecs_role"
          ]
        }
      ]
    },
    {
      "module": "module.ECS-Cluster",
      "mode": "managed",
      "type": "aws_route_table",
      "name": "public-route",
      "provider": "module.ECS-Cluster.provider[\"registry.terraform.io/hashicorp/aws\"]",
      "instances": [
        {
          "schema_version": 0,
          "attributes": {
            "arn": "arn:aws:ec2:us-east-1:872263966368:route-table/rtb-0d2ebd6b8bfd1682a",
            "id": "rtb-0d2ebd6b8bfd1682a",
            "owner_id": "872263966368",
            "propagating_vgws": [],
            "route": [
              {
                "carrier_gateway_id": "",
                "cidr_block": "0.0.0.0/0",
                "core_network_arn": "",
                "destination_prefix_list_id": "",
                "egress_only_gateway_id": "",
                "gateway_id": "igw-0268c71658f0144f8",
                "instance_id": "",
                "ipv6_cidr_block": "",
                "local_gateway_id": "",
                "nat_gateway_id": "",
                "network_interface_id": "",
                "transit_gateway_id": "",
                "vpc_endpoint_id": "",
                "vpc_peering_connection_id": ""
              }
            ],
            "tags": null,
            "tags_all": {},
            "timeouts": null,
            "vpc_id": "vpc-08f06a6f6bd7de278"
          },
          "sensitive_attributes": [],
          "private": "eyJlMmJmYjczMC1lY2FhLTExZTYtOGY4OC0zNDM2M2JjN2M0YzAiOnsiY3JlYXRlIjozMDAwMDAwMDAwMDAsImRlbGV0ZSI6MzAwMDAwMDAwMDAwLCJ1cGRhdGUiOjEyMDAwMDAwMDAwMH19",
          "dependencies": [
            "module.ECS-Cluster.aws_internet_gateway.internet_gateway",
            "module.ECS-Cluster.aws_vpc.vpc"
          ]
        }
      ]
    },
    {
      "module": "module.ECS-Cluster",
      "mode": "managed",
      "type": "aws_route_table_association",
      "name": "route_table_association",
      "provider": "module.ECS-Cluster.provider[\"registry.terraform.io/hashicorp/aws\"]",
      "instances": [
        {
          "schema_version": 0,
          "attributes": {
            "gateway_id": "",
            "id": "rtbassoc-0393e58a6fc1bfadb",
            "route_table_id": "rtb-0d2ebd6b8bfd1682a",
            "subnet_id": "subnet-0f1d0f8c5044cf42a"
          },
          "sensitive_attributes": [],
          "private": "bnVsbA==",
          "dependencies": [
            "module.ECS-Cluster.aws_internet_gateway.internet_gateway",
            "module.ECS-Cluster.aws_route_table.public-route",
            "module.ECS-Cluster.aws_subnet.subnet",
            "module.ECS-Cluster.aws_vpc.vpc"
          ]
        }
      ]
    },
    {
      "module": "module.ECS-Cluster",
      "mode": "managed",
      "type": "aws_security_group",
      "name": "security_group",
      "provider": "module.ECS-Cluster.provider[\"registry.terraform.io/hashicorp/aws\"]",
      "instances": [
        {
          "schema_version": 1,
          "attributes": {
            "arn": "arn:aws:ec2:us-east-1:872263966368:security-group/sg-0cca4298f8b9c1e23",
            "description": "Security Group for EC2 Cluster",
            "egress": [
              {
                "cidr_blocks": [
                  "0.0.0.0/0"
                ],
                "description": "",
                "from_port": 0,
                "ipv6_cidr_blocks": [
                  "::/0"
                ],
                "prefix_list_ids": [],
                "protocol": "-1",
                "security_groups": [],
                "self": false,
                "to_port": 0
              }
            ],
            "id": "sg-0cca4298f8b9c1e23",
            "ingress": [
              {
                "cidr_blocks": [
                  "10.1.0.0/16"
                ],
                "description": "HTTP",
                "from_port": 80,
                "ipv6_cidr_blocks": [],
                "prefix_list_ids": [],
                "protocol": "tcp",
                "security_groups": [],
                "self": false,
                "to_port": 80
              },
              {
                "cidr_blocks": [
                  "10.1.0.0/16"
                ],
                "description": "HTTPS",
                "from_port": 443,
                "ipv6_cidr_blocks": [],
                "prefix_list_ids": [],
                "protocol": "tcp",
                "security_groups": [],
                "self": false,
                "to_port": 443
              }
            ],
            "name": "security_group",
            "name_prefix": "",
            "owner_id": "872263966368",
            "revoke_rules_on_delete": false,
            "tags": {
              "Name": "Security Group for EC2 Cluster"
            },
            "tags_all": {
              "Name": "Security Group for EC2 Cluster"
            },
            "timeouts": null,
            "vpc_id": "vpc-08f06a6f6bd7de278"
          },
          "sensitive_attributes": [],
          "private": "eyJlMmJmYjczMC1lY2FhLTExZTYtOGY4OC0zNDM2M2JjN2M0YzAiOnsiY3JlYXRlIjo2MDAwMDAwMDAwMDAsImRlbGV0ZSI6OTAwMDAwMDAwMDAwfSwic2NoZW1hX3ZlcnNpb24iOiIxIn0=",
          "dependencies": [
            "module.ECS-Cluster.aws_vpc.vpc"
          ]
        }
      ]
    },
    {
      "module": "module.ECS-Cluster",
      "mode": "managed",
      "type": "aws_subnet",
      "name": "subnet",
      "provider": "module.ECS-Cluster.provider[\"registry.terraform.io/hashicorp/aws\"]",
      "instances": [
        {
          "schema_version": 1,
          "attributes": {
            "arn": "arn:aws:ec2:us-east-1:872263966368:subnet/subnet-0f1d0f8c5044cf42a",
            "assign_ipv6_address_on_creation": false,
            "availability_zone": "us-east-1c",
            "availability_zone_id": "use1-az6",
            "cidr_block": "10.1.0.0/22",
            "customer_owned_ipv4_pool": "",
            "enable_dns64": false,
            "enable_resource_name_dns_a_record_on_launch": false,
            "enable_resource_name_dns_aaaa_record_on_launch": false,
            "id": "subnet-0f1d0f8c5044cf42a",
            "ipv6_cidr_block": "",
            "ipv6_cidr_block_association_id": "",
            "ipv6_native": false,
            "map_customer_owned_ip_on_launch": false,
            "map_public_ip_on_launch": false,
            "outpost_arn": "",
            "owner_id": "872263966368",
            "private_dns_hostname_type_on_launch": "ip-name",
            "tags": null,
            "tags_all": {},
            "timeouts": null,
            "vpc_id": "vpc-08f06a6f6bd7de278"
          },
          "sensitive_attributes": [],
          "private": "eyJlMmJmYjczMC1lY2FhLTExZTYtOGY4OC0zNDM2M2JjN2M0YzAiOnsiY3JlYXRlIjo2MDAwMDAwMDAwMDAsImRlbGV0ZSI6MTIwMDAwMDAwMDAwMH0sInNjaGVtYV92ZXJzaW9uIjoiMSJ9",
          "dependencies": [
            "module.ECS-Cluster.aws_vpc.vpc"
          ]
        }
      ]
    },
    {
      "module": "module.ECS-Cluster",
      "mode": "managed",
      "type": "aws_vpc",
      "name": "vpc",
      "provider": "module.ECS-Cluster.provider[\"registry.terraform.io/hashicorp/aws\"]",
      "instances": [
        {
          "schema_version": 1,
          "attributes": {
            "arn": "arn:aws:ec2:us-east-1:872263966368:vpc/vpc-08f06a6f6bd7de278",
            "assign_generated_ipv6_cidr_block": false,
            "cidr_block": "10.1.0.0/16",
            "default_network_acl_id": "acl-0cb082f27d197ccb8",
            "default_route_table_id": "rtb-0d81e74e098c20865",
            "default_security_group_id": "sg-067f36bcf5aac2fae",
            "dhcp_options_id": "dopt-07a82311e39db9ba6",
            "enable_classiclink": false,
            "enable_classiclink_dns_support": false,
            "enable_dns_hostnames": false,
            "enable_dns_support": true,
            "enable_network_address_usage_metrics": false,
            "id": "vpc-08f06a6f6bd7de278",
            "instance_tenancy": "default",
            "ipv4_ipam_pool_id": null,
            "ipv4_netmask_length": null,
            "ipv6_association_id": "",
            "ipv6_cidr_block": "",
            "ipv6_cidr_block_network_border_group": "",
            "ipv6_ipam_pool_id": "",
            "ipv6_netmask_length": 0,
            "main_route_table_id": "rtb-0d81e74e098c20865",
            "owner_id": "872263966368",
            "tags": {
              "Name": "ECS-VPC"
            },
            "tags_all": {
              "Name": "ECS-VPC"
            }
          },
          "sensitive_attributes": [],
          "private": "eyJzY2hlbWFfdmVyc2lvbiI6IjEifQ=="
        }
      ]
    }
  ],
  "check_results": []
}
